
Microsoft Visual Studio Solution File, Format Version 12.00
# Visual Studio Version 17
VisualStudioVersion = 17.0.31903.59
MinimumVisualStudioVersion = 10.0.40219.1
Project("{2150E333-8FDC-42A3-9474-1A3956D46DE8}") = "src", "src", "{AEAF7E17-6C99-4970-9023-599FB612BC24}"
EndProject
Project("{FAE04EC0-301F-11D3-BF4B-00C04F79EFBC}") = "Soda.AutoMapper", "src\Soda.AutoMapper\Soda.AutoMapper.csproj", "{83698BAE-8791-4B2D-924E-22053E37C5BC}"
EndProject
Project("{2150E333-8FDC-42A3-9474-1A3956D46DE8}") = "test", "test", "{749B4EE1-65C3-44E7-8A10-7425AA68FE87}"
EndProject
Project("{FAE04EC0-301F-11D3-BF4B-00C04F79EFBC}") = "Soda.AutoMapper.Tests", "test\Soda.AutoMapper.Tests\Soda.AutoMapper.Tests.csproj", "{3F504D13-B2AD-48F5-8EB2-C26667B44355}"
EndProject
Global
	GlobalSection(SolutionConfigurationPlatforms) = preSolution
		Debug|Any CPU = Debug|Any CPU
		Release|Any CPU = Release|Any CPU
	EndGlobalSection
	GlobalSection(SolutionProperties) = preSolution
		HideSolutionNode = FALSE
	EndGlobalSection
	GlobalSection(ProjectConfigurationPlatforms) = postSolution
		{83698BAE-8791-4B2D-924E-22053E37C5BC}.Debug|Any CPU.ActiveCfg = Debug|Any CPU
		{83698BAE-8791-4B2D-924E-22053E37C5BC}.Debug|Any CPU.Build.0 = Debug|Any CPU
		{83698BAE-8791-4B2D-924E-22053E37C5BC}.Release|Any CPU.ActiveCfg = Release|Any CPU
		{83698BAE-8791-4B2D-924E-22053E37C5BC}.Release|Any CPU.Build.0 = Release|Any CPU
		{3F504D13-B2AD-48F5-8EB2-C26667B44355}.Debug|Any CPU.ActiveCfg = Debug|Any CPU
		{3F504D13-B2AD-48F5-8EB2-C26667B44355}.Debug|Any CPU.Build.0 = Debug|Any CPU
		{3F504D13-B2AD-48F5-8EB2-C26667B44355}.Release|Any CPU.ActiveCfg = Release|Any CPU
		{3F504D13-B2AD-48F5-8EB2-C26667B44355}.Release|Any CPU.Build.0 = Release|Any CPU
	EndGlobalSection
	GlobalSection(NestedProjects) = preSolution
		{83698BAE-8791-4B2D-924E-22053E37C5BC} = {AEAF7E17-6C99-4970-9023-599FB612BC24}
		{3F504D13-B2AD-48F5-8EB2-C26667B44355} = {749B4EE1-65C3-44E7-8A10-7425AA68FE87}
	EndGlobalSection
EndGlobal
